<?xml version="1.0" encoding="utf-8"?>
<Project ToolsVersion="4.0" xmlns="http://schemas.microsoft.com/developer/msbuild/2003">
  <ItemGroup>
    <Filter Include="소스 파일">
      <UniqueIdentifier>{4FC737F1-C7A5-4376-A066-2A32D752A2FF}</UniqueIdentifier>
      <Extensions>cpp;c;cc;cxx;def;odl;idl;hpj;bat;asm;asmx</Extensions>
    </Filter>
    <Filter Include="헤더 파일">
      <UniqueIdentifier>{93995380-89BD-4b04-88EB-625FBE52EBFB}</UniqueIdentifier>
      <Extensions>h;hh;hpp;hxx;hm;inl;inc;xsd</Extensions>
    </Filter>
    <Filter Include="리소스 파일">
      <UniqueIdentifier>{67DA6AB6-F800-4c08-8B7A-83BB121AAD01}</UniqueIdentifier>
      <Extensions>rc;ico;cur;bmp;dlg;rc2;rct;bin;rgs;gif;jpg;jpeg;jpe;resx;tiff;tif;png;wav;mfcribbon-ms</Extensions>
    </Filter>
    <Filter Include="소스 파일\util">
      <UniqueIdentifier>{0e63a9e4-da5d-4260-8120-2baba205ff69}</UniqueIdentifier>
    </Filter>
    <Filter Include="소스 파일\system">
      <UniqueIdentifier>{cc96d2c1-e5e3-4459-ba4d-fcfd4b0cb017}</UniqueIdentifier>
    </Filter>
    <Filter Include="소스 파일\process">
      <UniqueIdentifier>{e828a7fa-2fdd-4a2e-9653-d1d1e75008aa}</UniqueIdentifier>
    </Filter>
    <Filter Include="소스 파일\network socket">
      <UniqueIdentifier>{5b8614ef-c8cd-46f0-9aca-d210ffa2fd09}</UniqueIdentifier>
    </Filter>
    <Filter Include="소스 파일\data">
      <UniqueIdentifier>{c4094345-8e7e-44c4-9bf3-556158e483be}</UniqueIdentifier>
    </Filter>
  </ItemGroup>
  <ItemGroup>
    <ClInclude Include="main.hpp">
      <Filter>소스 파일</Filter>
    </ClInclude>
    <ClInclude Include="system\SystemCPU.hpp">
      <Filter>소스 파일\system</Filter>
    </ClInclude>
    <ClInclude Include="system\SystemDiskIO.hpp">
      <Filter>소스 파일\system</Filter>
    </ClInclude>
    <ClInclude Include="system\SystemMemory.hpp">
      <Filter>소스 파일\system</Filter>
    </ClInclude>
    <ClInclude Include="system\SystemNetwork.hpp">
      <Filter>소스 파일\system</Filter>
    </ClInclude>
    <ClInclude Include="system\SystemOS.hpp">
      <Filter>소스 파일\system</Filter>
    </ClInclude>
    <ClInclude Include="network socket\NetworkListener.hpp">
      <Filter>소스 파일\network socket</Filter>
    </ClInclude>
    <ClInclude Include="network socket\NetworkManager.hpp">
      <Filter>소스 파일\network socket</Filter>
    </ClInclude>
    <ClInclude Include="process\Process.hpp">
      <Filter>소스 파일\process</Filter>
    </ClInclude>
    <ClInclude Include="process\ProcessList.hpp">
      <Filter>소스 파일\process</Filter>
    </ClInclude>
    <ClInclude Include="process\ProcessManager.hpp">
      <Filter>소스 파일\process</Filter>
    </ClInclude>
    <ClInclude Include="util\StopWatch.hpp">
      <Filter>소스 파일\util</Filter>
    </ClInclude>
    <ClInclude Include="util\TQTimer.hpp">
      <Filter>소스 파일\util</Filter>
    </ClInclude>
    <ClInclude Include="data\DataManager.hpp">
      <Filter>헤더 파일</Filter>
    </ClInclude>
    <ClInclude Include="util\Util.hpp">
      <Filter>헤더 파일</Filter>
    </ClInclude>
  </ItemGroup>
  <ItemGroup>
    <ClCompile Include="main.cpp">
      <Filter>소스 파일</Filter>
    </ClCompile>
    <ClCompile Include="system\SystemCPU.cpp">
      <Filter>소스 파일\system</Filter>
    </ClCompile>
    <ClCompile Include="system\SystemDiskIO.cpp">
      <Filter>소스 파일\system</Filter>
    </ClCompile>
    <ClCompile Include="system\SystemMemory.cpp">
      <Filter>소스 파일\system</Filter>
    </ClCompile>
    <ClCompile Include="system\SystemNetwork.cpp">
      <Filter>소스 파일\system</Filter>
    </ClCompile>
    <ClCompile Include="system\SystemOS.cpp">
      <Filter>소스 파일\system</Filter>
    </ClCompile>
    <ClCompile Include="network socket\NetworkListener.cpp">
      <Filter>소스 파일\network socket</Filter>
    </ClCompile>
    <ClCompile Include="network socket\NetworkManager.cpp">
      <Filter>소스 파일\network socket</Filter>
    </ClCompile>
    <ClCompile Include="process\Process.cpp">
      <Filter>소스 파일\process</Filter>
    </ClCompile>
    <ClCompile Include="process\ProcessList.cpp">
      <Filter>소스 파일\process</Filter>
    </ClCompile>
    <ClCompile Include="process\ProcessManager.cpp">
      <Filter>소스 파일\process</Filter>
    </ClCompile>
    <ClCompile Include="util\StopWatch.cpp">
      <Filter>소스 파일\util</Filter>
    </ClCompile>
    <ClCompile Include="util\TQTimer.cpp">
      <Filter>소스 파일\util</Filter>
    </ClCompile>
    <ClCompile Include="data\DataManager.cpp">
      <Filter>소스 파일</Filter>
    </ClCompile>
    <ClCompile Include="util\Util.cpp">
      <Filter>소스 파일</Filter>
    </ClCompile>
  </ItemGroup>
</Project>