
Microsoft Visual Studio Solution File, Format Version 12.00
# Visual Studio 15
VisualStudioVersion = 15.0.26430.13
MinimumVisualStudioVersion = 10.0.40219.1
Project("{8BC9CEB8-8B4A-11D0-8D11-00A0C91BC942}") = "ServerMonitoringService", "ServerMonitoringService\ServerMonitoringService.vcxproj", "{CEB3C9F7-67CB-4C3F-B009-CF26C16B0D07}"
EndProject
Project("{8BC9CEB8-8B4A-11D0-8D11-00A0C91BC942}") = "ServerMonitoringService Server", "ServerMonitoringService Server\ServerMonitoringService Server.vcxproj", "{D514C397-56E9-4F32-8559-2E3230603FE2}"
EndProject
Global
	GlobalSection(SolutionConfigurationPlatforms) = preSolution
		Debug|x64 = Debug|x64
		Debug|x86 = Debug|x86
		Release|x64 = Release|x64
		Release|x86 = Release|x86
	EndGlobalSection
	GlobalSection(ProjectConfigurationPlatforms) = postSolution
		{CEB3C9F7-67CB-4C3F-B009-CF26C16B0D07}.Debug|x64.ActiveCfg = Debug|x64
		{CEB3C9F7-67CB-4C3F-B009-CF26C16B0D07}.Debug|x64.Build.0 = Debug|x64
		{CEB3C9F7-67CB-4C3F-B009-CF26C16B0D07}.Debug|x86.ActiveCfg = Debug|Win32
		{CEB3C9F7-67CB-4C3F-B009-CF26C16B0D07}.Debug|x86.Build.0 = Debug|Win32
		{CEB3C9F7-67CB-4C3F-B009-CF26C16B0D07}.Release|x64.ActiveCfg = Release|x64
		{CEB3C9F7-67CB-4C3F-B009-CF26C16B0D07}.Release|x64.Build.0 = Release|x64
		{CEB3C9F7-67CB-4C3F-B009-CF26C16B0D07}.Release|x86.ActiveCfg = Release|Win32
		{CEB3C9F7-67CB-4C3F-B009-CF26C16B0D07}.Release|x86.Build.0 = Release|Win32
		{D514C397-56E9-4F32-8559-2E3230603FE2}.Debug|x64.ActiveCfg = Debug|x64
		{D514C397-56E9-4F32-8559-2E3230603FE2}.Debug|x64.Build.0 = Debug|x64
		{D514C397-56E9-4F32-8559-2E3230603FE2}.Debug|x86.ActiveCfg = Debug|Win32
		{D514C397-56E9-4F32-8559-2E3230603FE2}.Debug|x86.Build.0 = Debug|Win32
		{D514C397-56E9-4F32-8559-2E3230603FE2}.Release|x64.ActiveCfg = Release|x64
		{D514C397-56E9-4F32-8559-2E3230603FE2}.Release|x64.Build.0 = Release|x64
		{D514C397-56E9-4F32-8559-2E3230603FE2}.Release|x86.ActiveCfg = Release|Win32
		{D514C397-56E9-4F32-8559-2E3230603FE2}.Release|x86.Build.0 = Release|Win32
	EndGlobalSection
	GlobalSection(SolutionProperties) = preSolution
		HideSolutionNode = FALSE
	EndGlobalSection
EndGlobal
